
Microsoft Visual Studio Solution File, Format Version 12.00
# Visual Studio Version 17
VisualStudioVersion = 17.5.002.0
MinimumVisualStudioVersion = 10.0.40219.1
Project("{9A19103F-16F7-4668-BE54-9A1E7A4F7556}") = "ConsoleHelloWorld", "ConsoleHelloWorld.csproj", "{1FC3B541-4B8A-4CCA-A8A6-E04334CEA3CF}"
EndProject
Project("{FAE04EC0-301F-11D3-BF4B-00C04F79EFBC}") = "C#HelloNameConsole", "..\C#HelloNameConsole\C#HelloNameConsole.csproj", "{843C190A-6410-4262-AA63-4E995D95C047}"
EndProject
Global
	GlobalSection(SolutionConfigurationPlatforms) = preSolution
		Debug|Any CPU = Debug|Any CPU
		Release|Any CPU = Release|Any CPU
	EndGlobalSection
	GlobalSection(ProjectConfigurationPlatforms) = postSolution
		{1FC3B541-4B8A-4CCA-A8A6-E04334CEA3CF}.Debug|Any CPU.ActiveCfg = Debug|Any CPU
		{1FC3B541-4B8A-4CCA-A8A6-E04334CEA3CF}.Debug|Any CPU.Build.0 = Debug|Any CPU
		{1FC3B541-4B8A-4CCA-A8A6-E04334CEA3CF}.Release|Any CPU.ActiveCfg = Release|Any CPU
		{1FC3B541-4B8A-4CCA-A8A6-E04334CEA3CF}.Release|Any CPU.Build.0 = Release|Any CPU
		{843C190A-6410-4262-AA63-4E995D95C047}.Debug|Any CPU.ActiveCfg = Debug|Any CPU
		{843C190A-6410-4262-AA63-4E995D95C047}.Debug|Any CPU.Build.0 = Debug|Any CPU
		{843C190A-6410-4262-AA63-4E995D95C047}.Release|Any CPU.ActiveCfg = Release|Any CPU
		{843C190A-6410-4262-AA63-4E995D95C047}.Release|Any CPU.Build.0 = Release|Any CPU
	EndGlobalSection
	GlobalSection(SolutionProperties) = preSolution
		HideSolutionNode = FALSE
	EndGlobalSection
	GlobalSection(ExtensibilityGlobals) = postSolution
		SolutionGuid = {EEE801F2-CFA5-41A1-81A4-06EC944A05DC}
	EndGlobalSection
EndGlobal
